// !$*UTF8*$!
{
	archiveVersion = 1;
	classes = {
	};
	objectVersion = 46;
	objects = {

/* Begin PBXBuildFile section */
		13D9ABC11D2FD91C00F8DDD5 /* main.m in Sources */ = {isa = PBXBuildFile; fileRef = 13D9ABC01D2FD91C00F8DDD5 /* main.m */; };
		13D9ABC41D2FD91C00F8DDD5 /* AppDelegate.m in Sources */ = {isa = PBXBuildFile; fileRef = 13D9ABC31D2FD91C00F8DDD5 /* AppDelegate.m */; };
		13D9ABC71D2FD91C00F8DDD5 /* RootViewController.m in Sources */ = {isa = PBXBuildFile; fileRef = 13D9ABC61D2FD91C00F8DDD5 /* RootViewController.m */; };
		13D9ABCA1D2FD91C00F8DDD5 /* DataViewController.m in Sources */ = {isa = PBXBuildFile; fileRef = 13D9ABC91D2FD91C00F8DDD5 /* DataViewController.m */; };
		13D9ABCD1D2FD91C00F8DDD5 /* ModelController.m in Sources */ = {isa = PBXBuildFile; fileRef = 13D9ABCC1D2FD91C00F8DDD5 /* ModelController.m */; };
		13D9ABD01D2FD91C00F8DDD5 /* Main.storyboard in Resources */ = {isa = PBXBuildFile; fileRef = 13D9ABCE1D2FD91C00F8DDD5 /* Main.storyboard */; };
		13D9ABD21D2FD91C00F8DDD5 /* Assets.xcassets in Resources */ = {isa = PBXBuildFile; fileRef = 13D9ABD11D2FD91C00F8DDD5 /* Assets.xcassets */; };
		13D9ABD51D2FD91C00F8DDD5 /* LaunchScreen.storyboard in Resources */ = {isa = PBXBuildFile; fileRef = 13D9ABD31D2FD91C00F8DDD5 /* LaunchScreen.storyboard */; };
		13D9ABE01D2FD91C00F8DDD5 /* iOSTests.m in Sources */ = {isa = PBXBuildFile; fileRef = 13D9ABDF1D2FD91C00F8DDD5 /* iOSTests.m */; };
		13D9ABEB1D2FD91C00F8DDD5 /* iOSUITests.m in Sources */ = {isa = PBXBuildFile; fileRef = 13D9ABEA1D2FD91C00F8DDD5 /* iOSUITests.m */; };
/* End PBXBuildFile section */

/* Begin PBXContainerItemProxy section */
		13D9ABDC1D2FD91C00F8DDD5 /* PBXContainerItemProxy */ = {
			isa = PBXContainerItemProxy;
			containerPortal = 13D9ABB41D2FD91C00F8DDD5 /* Project object */;
			proxyType = 1;
			remoteGlobalIDString = 13D9ABBB1D2FD91C00F8DDD5;
			remoteInfo = iOS;
		};
		13D9ABE71D2FD91C00F8DDD5 /* PBXContainerItemProxy */ = {
			isa = PBXContainerItemProxy;
			containerPortal = 13D9ABB41D2FD91C00F8DDD5 /* Project object */;
			proxyType = 1;
			remoteGlobalIDString = 13D9ABBB1D2FD91C00F8DDD5;
			remoteInfo = iOS;
		};
/* End PBXContainerItemProxy section */

/* Begin PBXFileReference section */
		13D9ABBC1D2FD91C00F8DDD5 /* iOS.app */ = {isa = PBXFileReference; explicitFileType = wrapper.application; includeInIndex = 0; path = iOS.app; sourceTree = BUILT_PRODUCTS_DIR; };
		13D9ABC01D2FD91C00F8DDD5 /* main.m */ = {isa = PBXFileReference; lastKnownFileType = sourcecode.c.objc; path = main.m; sourceTree = "<group>"; };
		13D9ABC21D2FD91C00F8DDD5 /* AppDelegate.h */ = {isa = PBXFileReference; lastKnownFileType = sourcecode.c.h; path = AppDelegate.h; sourceTree = "<group>"; };
		13D9ABC31D2FD91C00F8DDD5 /* AppDelegate.m */ = {isa = PBXFileReference; lastKnownFileType = sourcecode.c.objc; path = AppDelegate.m; sourceTree = "<group>"; };
		13D9ABC51D2FD91C00F8DDD5 /* RootViewController.h */ = {isa = PBXFileReference; lastKnownFileType = sourcecode.c.h; path = RootViewController.h; sourceTree = "<group>"; };
		13D9ABC61D2FD91C00F8DDD5 /* RootViewController.m */ = {isa = PBXFileReference; lastKnownFileType = sourcecode.c.objc; path = RootViewController.m; sourceTree = "<group>"; };
		13D9ABC81D2FD91C00F8DDD5 /* DataViewController.h */ = {isa = PBXFileReference; lastKnownFileType = sourcecode.c.h; path = DataViewController.h; sourceTree = "<group>"; };
		13D9ABC91D2FD91C00F8DDD5 /* DataViewController.m */ = {isa = PBXFileReference; lastKnownFileType = sourcecode.c.objc; path = DataViewController.m; sourceTree = "<group>"; };
		13D9ABCB1D2FD91C00F8DDD5 /* ModelController.h */ = {isa = PBXFileReference; lastKnownFileType = sourcecode.c.h; path = ModelController.h; sourceTree = "<group>"; };
		13D9ABCC1D2FD91C00F8DDD5 /* ModelController.m */ = {isa = PBXFileReference; lastKnownFileType = sourcecode.c.objc; path = ModelController.m; sourceTree = "<group>"; };
		13D9ABCF1D2FD91C00F8DDD5 /* Base */ = {isa = PBXFileReference; lastKnownFileType = file.storyboard; name = Base; path = Base.lproj/Main.storyboard; sourceTree = "<group>"; };
		13D9ABD11D2FD91C00F8DDD5 /* Assets.xcassets */ = {isa = PBXFileReference; lastKnownFileType = folder.assetcatalog; path = Assets.xcassets; sourceTree = "<group>"; };
		13D9ABD41D2FD91C00F8DDD5 /* Base */ = {isa = PBXFileReference; lastKnownFileType = file.storyboard; name = Base; path = Base.lproj/LaunchScreen.storyboard; sourceTree = "<group>"; };
		13D9ABD61D2FD91C00F8DDD5 /* Info.plist */ = {isa = PBXFileReference; lastKnownFileType = text.plist.xml; path = Info.plist; sourceTree = "<group>"; };
		13D9ABDB1D2FD91C00F8DDD5 /* iOSTests.xctest */ = {isa = PBXFileReference; explicitFileType = wrapper.cfbundle; includeInIndex = 0; path = iOSTests.xctest; sourceTree = BUILT_PRODUCTS_DIR; };
		13D9ABDF1D2FD91C00F8DDD5 /* iOSTests.m */ = {isa = PBXFileReference; lastKnownFileType = sourcecode.c.objc; path = iOSTests.m; sourceTree = "<group>"; };
		13D9ABE11D2FD91C00F8DDD5 /* Info.plist */ = {isa = PBXFileReference; lastKnownFileType = text.plist.xml; path = Info.plist; sourceTree = "<group>"; };
		13D9ABE61D2FD91C00F8DDD5 /* iOSUITests.xctest */ = {isa = PBXFileReference; explicitFileType = wrapper.cfbundle; includeInIndex = 0; path = iOSUITests.xctest; sourceTree = BUILT_PRODUCTS_DIR; };
		13D9ABEA1D2FD91C00F8DDD5 /* iOSUITests.m */ = {isa = PBXFileReference; lastKnownFileType = sourcecode.c.objc; path = iOSUITests.m; sourceTree = "<group>"; };
		13D9ABEC1D2FD91C00F8DDD5 /* Info.plist */ = {isa = PBXFileReference; lastKnownFileType = text.plist.xml; path = Info.plist; sourceTree = "<group>"; };
/* End PBXFileReference section */

/* Begin PBXFrameworksBuildPhase section */
		13D9ABB91D2FD91C00F8DDD5 /* Frameworks */ = {
			isa = PBXFrameworksBuildPhase;
			buildActionMask = 2147483647;
			files = (
			);
			runOnlyForDeploymentPostprocessing = 0;
		};
		13D9ABD81D2FD91C00F8DDD5 /* Frameworks */ = {
			isa = PBXFrameworksBuildPhase;
			buildActionMask = 2147483647;
			files = (
			);
			runOnlyForDeploymentPostprocessing = 0;
		};
		13D9ABE31D2FD91C00F8DDD5 /* Frameworks */ = {
			isa = PBXFrameworksBuildPhase;
			buildActionMask = 2147483647;
			files = (
			);
			runOnlyForDeploymentPostprocessing = 0;
		};
/* End PBXFrameworksBuildPhase section */

/* Begin PBXGroup section */
		13D9ABB31D2FD91C00F8DDD5 = {
			isa = PBXGroup;
			children = (
				13D9ABBE1D2FD91C00F8DDD5 /* iOS */,
				13D9ABDE1D2FD91C00F8DDD5 /* iOSTests */,
				13D9ABE91D2FD91C00F8DDD5 /* iOSUITests */,
				13D9ABBD1D2FD91C00F8DDD5 /* Products */,
			);
			sourceTree = "<group>";
		};
		13D9ABBD1D2FD91C00F8DDD5 /* Products */ = {
			isa = PBXGroup;
			children = (
				13D9ABBC1D2FD91C00F8DDD5 /* iOS.app */,
				13D9ABDB1D2FD91C00F8DDD5 /* iOSTests.xctest */,
				13D9ABE61D2FD91C00F8DDD5 /* iOSUITests.xctest */,
			);
			name = Products;
			sourceTree = "<group>";
		};
		13D9ABBE1D2FD91C00F8DDD5 /* iOS */ = {
			isa = PBXGroup;
			children = (
				13D9ABC21D2FD91C00F8DDD5 /* AppDelegate.h */,
				13D9ABC31D2FD91C00F8DDD5 /* AppDelegate.m */,
				13D9ABC51D2FD91C00F8DDD5 /* RootViewController.h */,
				13D9ABC61D2FD91C00F8DDD5 /* RootViewController.m */,
				13D9ABC81D2FD91C00F8DDD5 /* DataViewController.h */,
				13D9ABC91D2FD91C00F8DDD5 /* DataViewController.m */,
				13D9ABCB1D2FD91C00F8DDD5 /* ModelController.h */,
				13D9ABCC1D2FD91C00F8DDD5 /* ModelController.m */,
				13D9ABCE1D2FD91C00F8DDD5 /* Main.storyboard */,
				13D9ABD11D2FD91C00F8DDD5 /* Assets.xcassets */,
				13D9ABD31D2FD91C00F8DDD5 /* LaunchScreen.storyboard */,
				13D9ABD61D2FD91C00F8DDD5 /* Info.plist */,
				13D9ABBF1D2FD91C00F8DDD5 /* Supporting Files */,
			);
			path = iOS;
			sourceTree = "<group>";
		};
		13D9ABBF1D2FD91C00F8DDD5 /* Supporting Files */ = {
			isa = PBXGroup;
			children = (
				13D9ABC01D2FD91C00F8DDD5 /* main.m */,
			);
			name = "Supporting Files";
			sourceTree = "<group>";
		};
		13D9ABDE1D2FD91C00F8DDD5 /* iOSTests */ = {
			isa = PBXGroup;
			children = (
				13D9ABDF1D2FD91C00F8DDD5 /* iOSTests.m */,
				13D9ABE11D2FD91C00F8DDD5 /* Info.plist */,
			);
			path = iOSTests;
			sourceTree = "<group>";
		};
		13D9ABE91D2FD91C00F8DDD5 /* iOSUITests */ = {
			isa = PBXGroup;
			children = (
				13D9ABEA1D2FD91C00F8DDD5 /* iOSUITests.m */,
				13D9ABEC1D2FD91C00F8DDD5 /* Info.plist */,
			);
			path = iOSUITests;
			sourceTree = "<group>";
		};
/* End PBXGroup section */

/* Begin PBXNativeTarget section */
		13D9ABBB1D2FD91C00F8DDD5 /* iOS */ = {
			isa = PBXNativeTarget;
			buildConfigurationList = 13D9ABEF1D2FD91C00F8DDD5 /* Build configuration list for PBXNativeTarget "iOS" */;
			buildPhases = (
				13D9ABB81D2FD91C00F8DDD5 /* Sources */,
				13D9ABB91D2FD91C00F8DDD5 /* Frameworks */,
				13D9ABBA1D2FD91C00F8DDD5 /* Resources */,
			);
			buildRules = (
			);
			dependencies = (
			);
			name = iOS;
			productName = iOS;
			productReference = 13D9ABBC1D2FD91C00F8DDD5 /* iOS.app */;
			productType = "com.apple.product-type.application";
		};
		13D9ABDA1D2FD91C00F8DDD5 /* iOSTests */ = {
			isa = PBXNativeTarget;
			buildConfigurationList = 13D9ABF21D2FD91C00F8DDD5 /* Build configuration list for PBXNativeTarget "iOSTests" */;
			buildPhases = (
				13D9ABD71D2FD91C00F8DDD5 /* Sources */,
				13D9ABD81D2FD91C00F8DDD5 /* Frameworks */,
				13D9ABD91D2FD91C00F8DDD5 /* Resources */,
			);
			buildRules = (
			);
			dependencies = (
				13D9ABDD1D2FD91C00F8DDD5 /* PBXTargetDependency */,
			);
			name = iOSTests;
			productName = iOSTests;
			productReference = 13D9ABDB1D2FD91C00F8DDD5 /* iOSTests.xctest */;
			productType = "com.apple.product-type.bundle.unit-test";
		};
		13D9ABE51D2FD91C00F8DDD5 /* iOSUITests */ = {
			isa = PBXNativeTarget;
			buildConfigurationList = 13D9ABF51D2FD91C00F8DDD5 /* Build configuration list for PBXNativeTarget "iOSUITests" */;
			buildPhases = (
				13D9ABE21D2FD91C00F8DDD5 /* Sources */,
				13D9ABE31D2FD91C00F8DDD5 /* Frameworks */,
				13D9ABE41D2FD91C00F8DDD5 /* Resources */,
			);
			buildRules = (
			);
			dependencies = (
				13D9ABE81D2FD91C00F8DDD5 /* PBXTargetDependency */,
			);
			name = iOSUITests;
			productName = iOSUITests;
			productReference = 13D9ABE61D2FD91C00F8DDD5 /* iOSUITests.xctest */;
			productType = "com.apple.product-type.bundle.ui-testing";
		};
/* End PBXNativeTarget section */

/* Begin PBXProject section */
		13D9ABB41D2FD91C00F8DDD5 /* Project object */ = {
			isa = PBXProject;
			attributes = {
				LastUpgradeCheck = 0730;
				ORGANIZATIONNAME = "崔天昊";
				TargetAttributes = {
					13D9ABBB1D2FD91C00F8DDD5 = {
						CreatedOnToolsVersion = 7.3.1;
					};
					13D9ABDA1D2FD91C00F8DDD5 = {
						CreatedOnToolsVersion = 7.3.1;
						TestTargetID = 13D9ABBB1D2FD91C00F8DDD5;
					};
					13D9ABE51D2FD91C00F8DDD5 = {
						CreatedOnToolsVersion = 7.3.1;
						TestTargetID = 13D9ABBB1D2FD91C00F8DDD5;
					};
				};
			};
			buildConfigurationList = 13D9ABB71D2FD91C00F8DDD5 /* Build configuration list for PBXProject "iOS" */;
			compatibilityVersion = "Xcode 3.2";
			developmentRegion = English;
			hasScannedForEncodings = 0;
			knownRegions = (
				en,
				Base,
			);
			mainGroup = 13D9ABB31D2FD91C00F8DDD5;
			productRefGroup = 13D9ABBD1D2FD91C00F8DDD5 /* Products */;
			projectDirPath = "";
			projectRoot = "";
			targets = (
				13D9ABBB1D2FD91C00F8DDD5 /* iOS */,
				13D9ABDA1D2FD91C00F8DDD5 /* iOSTests */,
				13D9ABE51D2FD91C00F8DDD5 /* iOSUITests */,
			);
		};
/* End PBXProject section */

/* Begin PBXResourcesBuildPhase section */
		13D9ABBA1D2FD91C00F8DDD5 /* Resources */ = {
			isa = PBXResourcesBuildPhase;
			buildActionMask = 2147483647;
			files = (
				13D9ABD51D2FD91C00F8DDD5 /* LaunchScreen.storyboard in Resources */,
				13D9ABD21D2FD91C00F8DDD5 /* Assets.xcassets in Resources */,
				13D9ABD01D2FD91C00F8DDD5 /* Main.storyboard in Resources */,
			);
			runOnlyForDeploymentPostprocessing = 0;
		};
		13D9ABD91D2FD91C00F8DDD5 /* Resources */ = {
			isa = PBXResourcesBuildPhase;
			buildActionMask = 2147483647;
			files = (
			);
			runOnlyForDeploymentPostprocessing = 0;
		};
		13D9ABE41D2FD91C00F8DDD5 /* Resources */ = {
			isa = PBXResourcesBuildPhase;
			buildActionMask = 2147483647;
			files = (
			);
			runOnlyForDeploymentPostprocessing = 0;
		};
/* End PBXResourcesBuildPhase section */

/* Begin PBXSourcesBuildPhase section */
		13D9ABB81D2FD91C00F8DDD5 /* Sources */ = {
			isa = PBXSourcesBuildPhase;
			buildActionMask = 2147483647;
			files = (
				13D9ABCA1D2FD91C00F8DDD5 /* DataViewController.m in Sources */,
				13D9ABC41D2FD91C00F8DDD5 /* AppDelegate.m in Sources */,
				13D9ABCD1D2FD91C00F8DDD5 /* ModelController.m in Sources */,
				13D9ABC11D2FD91C00F8DDD5 /* main.m in Sources */,
				13D9ABC71D2FD91C00F8DDD5 /* RootViewController.m in Sources */,
			);
			runOnlyForDeploymentPostprocessing = 0;
		};
		13D9ABD71D2FD91C00F8DDD5 /* Sources */ = {
			isa = PBXSourcesBuildPhase;
			buildActionMask = 2147483647;
			files = (
				13D9ABE01D2FD91C00F8DDD5 /* iOSTests.m in Sources */,
			);
			runOnlyForDeploymentPostprocessing = 0;
		};
		13D9ABE21D2FD91C00F8DDD5 /* Sources */ = {
			isa = PBXSourcesBuildPhase;
			buildActionMask = 2147483647;
			files = (
				13D9ABEB1D2FD91C00F8DDD5 /* iOSUITests.m in Sources */,
			);
			runOnlyForDeploymentPostprocessing = 0;
		};
/* End PBXSourcesBuildPhase section */

/* Begin PBXTargetDependency section */
		13D9ABDD1D2FD91C00F8DDD5 /* PBXTargetDependency */ = {
			isa = PBXTargetDependency;
			target = 13D9ABBB1D2FD91C00F8DDD5 /* iOS */;
			targetProxy = 13D9ABDC1D2FD91C00F8DDD5 /* PBXContainerItemProxy */;
		};
		13D9ABE81D2FD91C00F8DDD5 /* PBXTargetDependency */ = {
			isa = PBXTargetDependency;
			target = 13D9ABBB1D2FD91C00F8DDD5 /* iOS */;
			targetProxy = 13D9ABE71D2FD91C00F8DDD5 /* PBXContainerItemProxy */;
		};
/* End PBXTargetDependency section */

/* Begin PBXVariantGroup section */
		13D9ABCE1D2FD91C00F8DDD5 /* Main.storyboard */ = {
			isa = PBXVariantGroup;
			children = (
				13D9ABCF1D2FD91C00F8DDD5 /* Base */,
			);
			name = Main.storyboard;
			sourceTree = "<group>";
		};
		13D9ABD31D2FD91C00F8DDD5 /* LaunchScreen.storyboard */ = {
			isa = PBXVariantGroup;
			children = (
				13D9ABD41D2FD91C00F8DDD5 /* Base */,
			);
			name = LaunchScreen.storyboard;
			sourceTree = "<group>";
		};
/* End PBXVariantGroup section */

/* Begin XCBuildConfiguration section */
		13D9ABED1D2FD91C00F8DDD5 /* Debug */ = {
			isa = XCBuildConfiguration;
			buildSettings = {
				ALWAYS_SEARCH_USER_PATHS = NO;
				CLANG_ANALYZER_NONNULL = YES;
				CLANG_CXX_LANGUAGE_STANDARD = "gnu++0x";
				CLANG_CXX_LIBRARY = "libc++";
				CLANG_ENABLE_MODULES = YES;
				CLANG_ENABLE_OBJC_ARC = YES;
				CLANG_WARN_BOOL_CONVERSION = YES;
				CLANG_WARN_CONSTANT_CONVERSION = YES;
				CLANG_WARN_DIRECT_OBJC_ISA_USAGE = YES_ERROR;
				CLANG_WARN_EMPTY_BODY = YES;
				CLANG_WARN_ENUM_CONVERSION = YES;
				CLANG_WARN_INT_CONVERSION = YES;
				CLANG_WARN_OBJC_ROOT_CLASS = YES_ERROR;
				CLANG_WARN_UNREACHABLE_CODE = YES;
				CLANG_WARN__DUPLICATE_METHOD_MATCH = YES;
				"CODE_SIGN_IDENTITY[sdk=iphoneos*]" = "iPhone Developer";
				COPY_PHASE_STRIP = NO;
				DEBUG_INFORMATION_FORMAT = dwarf;
				ENABLE_STRICT_OBJC_MSGSEND = YES;
				ENABLE_TESTABILITY = YES;
				GCC_C_LANGUAGE_STANDARD = gnu99;
				GCC_DYNAMIC_NO_PIC = NO;
				GCC_NO_COMMON_BLOCKS = YES;
				GCC_OPTIMIZATION_LEVEL = 0;
				GCC_PREPROCESSOR_DEFINITIONS = (
					"DEBUG=1",
					"$(inherited)",
				);
				GCC_WARN_64_TO_32_BIT_CONVERSION = YES;
				GCC_WARN_ABOUT_RETURN_TYPE = YES_ERROR;
				GCC_WARN_UNDECLARED_SELECTOR = YES;
				GCC_WARN_UNINITIALIZED_AUTOS = YES_AGGRESSIVE;
				GCC_WARN_UNUSED_FUNCTION = YES;
				GCC_WARN_UNUSED_VARIABLE = YES;
				IPHONEOS_DEPLOYMENT_TARGET = 9.3;
				MTL_ENABLE_DEBUG_INFO = YES;
				ONLY_ACTIVE_ARCH = YES;
				SDKROOT = iphoneos;
				TARGETED_DEVICE_FAMILY = "1,2";
			};
			name = Debug;
		};
		13D9ABEE1D2FD91C00F8DDD5 /* Release */ = {
			isa = XCBuildConfiguration;
			buildSettings = {
				ALWAYS_SEARCH_USER_PATHS = NO;
				CLANG_ANALYZER_NONNULL = YES;
				CLANG_CXX_LANGUAGE_STANDARD = "gnu++0x";
				CLANG_CXX_LIBRARY = "libc++";
				CLANG_ENABLE_MODULES = YES;
				CLANG_ENABLE_OBJC_ARC = YES;
				CLANG_WARN_BOOL_CONVERSION = YES;
				CLANG_WARN_CONSTANT_CONVERSION = YES;
				CLANG_WARN_DIRECT_OBJC_ISA_USAGE = YES_ERROR;
				CLANG_WARN_EMPTY_BODY = YES;
				CLANG_WARN_ENUM_CONVERSION = YES;
				CLANG_WARN_INT_CONVERSION = YES;
				CLANG_WARN_OBJC_ROOT_CLASS = YES_ERROR;
				CLANG_WARN_UNREACHABLE_CODE = YES;
				CLANG_WARN__DUPLICATE_METHOD_MATCH = YES;
				"CODE_SIGN_IDENTITY[sdk=iphoneos*]" = "iPhone Developer";
				COPY_PHASE_STRIP = NO;
				DEBUG_INFORMATION_FORMAT = "dwarf-with-dsym";
				ENABLE_NS_ASSERTIONS = NO;
				ENABLE_STRICT_OBJC_MSGSEND = YES;
				GCC_C_LANGUAGE_STANDARD = gnu99;
				GCC_NO_COMMON_BLOCKS = YES;
				GCC_WARN_64_TO_32_BIT_CONVERSION = YES;
				GCC_WARN_ABOUT_RETURN_TYPE = YES_ERROR;
				GCC_WARN_UNDECLARED_SELECTOR = YES;
				GCC_WARN_UNINITIALIZED_AUTOS = YES_AGGRESSIVE;
				GCC_WARN_UNUSED_FUNCTION = YES;
				GCC_WARN_UNUSED_VARIABLE = YES;
				IPHONEOS_DEPLOYMENT_TARGET = 9.3;
				MTL_ENABLE_DEBUG_INFO = NO;
				SDKROOT = iphoneos;
				TARGETED_DEVICE_FAMILY = "1,2";
				VALIDATE_PRODUCT = YES;
			};
			name = Release;
		};
		13D9ABF01D2FD91C00F8DDD5 /* Debug */ = {
			isa = XCBuildConfiguration;
			buildSettings = {
				ASSETCATALOG_COMPILER_APPICON_NAME = AppIcon;
				INFOPLIST_FILE = iOS/Info.plist;
				LD_RUNPATH_SEARCH_PATHS = "$(inherited) @executable_path/Frameworks";
				PRODUCT_BUNDLE_IDENTIFIER = "CAST-OF-NJUPT.iOS";
				PRODUCT_NAME = "$(TARGET_NAME)";
			};
			name = Debug;
		};
		13D9ABF11D2FD91C00F8DDD5 /* Release */ = {
			isa = XCBuildConfiguration;
			buildSettings = {
				ASSETCATALOG_COMPILER_APPICON_NAME = AppIcon;
				INFOPLIST_FILE = iOS/Info.plist;
				LD_RUNPATH_SEARCH_PATHS = "$(inherited) @executable_path/Frameworks";
				PRODUCT_BUNDLE_IDENTIFIER = "CAST-OF-NJUPT.iOS";
				PRODUCT_NAME = "$(TARGET_NAME)";
			};
			name = Release;
		};
		13D9ABF31D2FD91C00F8DDD5 /* Debug */ = {
			isa = XCBuildConfiguration;
			buildSettings = {
				BUNDLE_LOADER = "$(TEST_HOST)";
				INFOPLIST_FILE = iOSTests/Info.plist;
				LD_RUNPATH_SEARCH_PATHS = "$(inherited) @executable_path/Frameworks @loader_path/Frameworks";
				PRODUCT_BUNDLE_IDENTIFIER = "CAST-OF-NJUPT.iOSTests";
				PRODUCT_NAME = "$(TARGET_NAME)";
				TEST_HOST = "$(BUILT_PRODUCTS_DIR)/iOS.app/iOS";
			};
			name = Debug;
		};
		13D9ABF41D2FD91C00F8DDD5 /* Release */ = {
			isa = XCBuildConfiguration;
			buildSettings = {
				BUNDLE_LOADER = "$(TEST_HOST)";
				INFOPLIST_FILE = iOSTests/Info.plist;
				LD_RUNPATH_SEARCH_PATHS = "$(inherited) @executable_path/Frameworks @loader_path/Frameworks";
				PRODUCT_BUNDLE_IDENTIFIER = "CAST-OF-NJUPT.iOSTests";
				PRODUCT_NAME = "$(TARGET_NAME)";
				TEST_HOST = "$(BUILT_PRODUCTS_DIR)/iOS.app/iOS";
			};
			name = Release;
		};
		13D9ABF61D2FD91C00F8DDD5 /* Debug */ = {
			isa = XCBuildConfiguration;
			buildSettings = {
				INFOPLIST_FILE = iOSUITests/Info.plist;
				LD_RUNPATH_SEARCH_PATHS = "$(inherited) @executable_path/Frameworks @loader_path/Frameworks";
				PRODUCT_BUNDLE_IDENTIFIER = "CAST-OF-NJUPT.iOSUITests";
				PRODUCT_NAME = "$(TARGET_NAME)";
				TEST_TARGET_NAME = iOS;
			};
			name = Debug;
		};
		13D9ABF71D2FD91C00F8DDD5 /* Release */ = {
			isa = XCBuildConfiguration;
			buildSettings = {
				INFOPLIST_FILE = iOSUITests/Info.plist;
				LD_RUNPATH_SEARCH_PATHS = "$(inherited) @executable_path/Frameworks @loader_path/Frameworks";
				PRODUCT_BUNDLE_IDENTIFIER = "CAST-OF-NJUPT.iOSUITests";
				PRODUCT_NAME = "$(TARGET_NAME)";
				TEST_TARGET_NAME = iOS;
			};
			name = Release;
		};
/* End XCBuildConfiguration section */

/* Begin XCConfigurationList section */
		13D9ABB71D2FD91C00F8DDD5 /* Build configuration list for PBXProject "iOS" */ = {
			isa = XCConfigurationList;
			buildConfigurations = (
				13D9ABED1D2FD91C00F8DDD5 /* Debug */,
				13D9ABEE1D2FD91C00F8DDD5 /* Release */,
			);
			defaultConfigurationIsVisible = 0;
			defaultConfigurationName = Release;
		};
		13D9ABEF1D2FD91C00F8DDD5 /* Build configuration list for PBXNativeTarget "iOS" */ = {
			isa = XCConfigurationList;
			buildConfigurations = (
				13D9ABF01D2FD91C00F8DDD5 /* Debug */,
				13D9ABF11D2FD91C00F8DDD5 /* Release */,
			);
			defaultConfigurationIsVisible = 0;
		};
		13D9ABF21D2FD91C00F8DDD5 /* Build configuration list for PBXNativeTarget "iOSTests" */ = {
			isa = XCConfigurationList;
			buildConfigurations = (
				13D9ABF31D2FD91C00F8DDD5 /* Debug */,
				13D9ABF41D2FD91C00F8DDD5 /* Release */,
			);
			defaultConfigurationIsVisible = 0;
		};
		13D9ABF51D2FD91C00F8DDD5 /* Build configuration list for PBXNativeTarget "iOSUITests" */ = {
			isa = XCConfigurationList;
			buildConfigurations = (
				13D9ABF61D2FD91C00F8DDD5 /* Debug */,
				13D9ABF71D2FD91C00F8DDD5 /* Release */,
			);
			defaultConfigurationIsVisible = 0;
		};
/* End XCConfigurationList section */
	};
	rootObject = 13D9ABB41D2FD91C00F8DDD5 /* Project object */;
}
